
Microsoft Visual Studio Solution File, Format Version 12.00
# Visual Studio Version 17
VisualStudioVersion = 17.6.33829.357
MinimumVisualStudioVersion = 10.0.40219.1
Project("{FAE04EC0-301F-11D3-BF4B-00C04F79EFBC}") = "Open_Closed_Principle", "Open_Closed_Principle\Open_Closed_Principle.csproj", "{17F080D9-A93D-4350-B70F-B927E861EFE4}"
EndProject
Project("{FAE04EC0-301F-11D3-BF4B-00C04F79EFBC}") = "Single_Responsibility_Principle", "Single_Responsibility_Principle\Single_Responsibility_Principle.csproj", "{0C9C3D6D-AA9B-469A-9C47-29B34973D5DB}"
EndProject
Project("{FAE04EC0-301F-11D3-BF4B-00C04F79EFBC}") = "Liskov_Substitution_Principle", "Liskov_Substitution_Principle\Liskov_Substitution_Principle.csproj", "{050B6093-32D5-497B-AB95-AAAB06CB0051}"
EndProject
Project("{FAE04EC0-301F-11D3-BF4B-00C04F79EFBC}") = "Interface_Segregation_Principle", "Interface_Segregation_Principle\Interface_Segregation_Principle.csproj", "{3EB10617-C5DB-40CA-AB0D-E2A2B6F5F3BA}"
EndProject
Project("{FAE04EC0-301F-11D3-BF4B-00C04F79EFBC}") = "Dependency_Inversion_Principle", "Dependency_Inversion_Principle\Dependency_Inversion_Principle.csproj", "{0163D212-763F-40BC-B337-F343FA7E3023}"
EndProject
Global
	GlobalSection(SolutionConfigurationPlatforms) = preSolution
		Debug|Any CPU = Debug|Any CPU
		Release|Any CPU = Release|Any CPU
	EndGlobalSection
	GlobalSection(ProjectConfigurationPlatforms) = postSolution
		{17F080D9-A93D-4350-B70F-B927E861EFE4}.Debug|Any CPU.ActiveCfg = Debug|Any CPU
		{17F080D9-A93D-4350-B70F-B927E861EFE4}.Debug|Any CPU.Build.0 = Debug|Any CPU
		{17F080D9-A93D-4350-B70F-B927E861EFE4}.Release|Any CPU.ActiveCfg = Release|Any CPU
		{17F080D9-A93D-4350-B70F-B927E861EFE4}.Release|Any CPU.Build.0 = Release|Any CPU
		{0C9C3D6D-AA9B-469A-9C47-29B34973D5DB}.Debug|Any CPU.ActiveCfg = Debug|Any CPU
		{0C9C3D6D-AA9B-469A-9C47-29B34973D5DB}.Debug|Any CPU.Build.0 = Debug|Any CPU
		{0C9C3D6D-AA9B-469A-9C47-29B34973D5DB}.Release|Any CPU.ActiveCfg = Release|Any CPU
		{0C9C3D6D-AA9B-469A-9C47-29B34973D5DB}.Release|Any CPU.Build.0 = Release|Any CPU
		{050B6093-32D5-497B-AB95-AAAB06CB0051}.Debug|Any CPU.ActiveCfg = Debug|Any CPU
		{050B6093-32D5-497B-AB95-AAAB06CB0051}.Debug|Any CPU.Build.0 = Debug|Any CPU
		{050B6093-32D5-497B-AB95-AAAB06CB0051}.Release|Any CPU.ActiveCfg = Release|Any CPU
		{050B6093-32D5-497B-AB95-AAAB06CB0051}.Release|Any CPU.Build.0 = Release|Any CPU
		{3EB10617-C5DB-40CA-AB0D-E2A2B6F5F3BA}.Debug|Any CPU.ActiveCfg = Debug|Any CPU
		{3EB10617-C5DB-40CA-AB0D-E2A2B6F5F3BA}.Debug|Any CPU.Build.0 = Debug|Any CPU
		{3EB10617-C5DB-40CA-AB0D-E2A2B6F5F3BA}.Release|Any CPU.ActiveCfg = Release|Any CPU
		{3EB10617-C5DB-40CA-AB0D-E2A2B6F5F3BA}.Release|Any CPU.Build.0 = Release|Any CPU
		{0163D212-763F-40BC-B337-F343FA7E3023}.Debug|Any CPU.ActiveCfg = Debug|Any CPU
		{0163D212-763F-40BC-B337-F343FA7E3023}.Debug|Any CPU.Build.0 = Debug|Any CPU
		{0163D212-763F-40BC-B337-F343FA7E3023}.Release|Any CPU.ActiveCfg = Release|Any CPU
		{0163D212-763F-40BC-B337-F343FA7E3023}.Release|Any CPU.Build.0 = Release|Any CPU
	EndGlobalSection
	GlobalSection(SolutionProperties) = preSolution
		HideSolutionNode = FALSE
	EndGlobalSection
	GlobalSection(ExtensibilityGlobals) = postSolution
		SolutionGuid = {1A75784D-1467-4AF6-B621-02A2E729011B}
	EndGlobalSection
EndGlobal
